
Microsoft Visual Studio Solution File, Format Version 12.00
# Visual Studio Version 17
VisualStudioVersion = 17.3.32901.215
MinimumVisualStudioVersion = 10.0.40219.1
Project("{FAE04EC0-301F-11D3-BF4B-00C04F79EFBC}") = "ConsoleApp1", "ConsoleApp1\ConsoleApp1.csproj", "{B4D58807-85A5-44F3-887A-8082B8BC118E}"
EndProject
Project("{FAE04EC0-301F-11D3-BF4B-00C04F79EFBC}") = "ConsoleApp1.Tests", "ConsoleApp1.Tests\ConsoleApp1.Tests.csproj", "{AC30E8B3-0EB5-4C3E-8D2E-6CE2D87235D8}"
EndProject
Global
	GlobalSection(SolutionConfigurationPlatforms) = preSolution
		Debug|Any CPU = Debug|Any CPU
		Release|Any CPU = Release|Any CPU
	EndGlobalSection
	GlobalSection(ProjectConfigurationPlatforms) = postSolution
		{B4D58807-85A5-44F3-887A-8082B8BC118E}.Debug|Any CPU.ActiveCfg = Debug|Any CPU
		{B4D58807-85A5-44F3-887A-8082B8BC118E}.Debug|Any CPU.Build.0 = Debug|Any CPU
		{B4D58807-85A5-44F3-887A-8082B8BC118E}.Release|Any CPU.ActiveCfg = Release|Any CPU
		{B4D58807-85A5-44F3-887A-8082B8BC118E}.Release|Any CPU.Build.0 = Release|Any CPU
		{AC30E8B3-0EB5-4C3E-8D2E-6CE2D87235D8}.Debug|Any CPU.ActiveCfg = Debug|Any CPU
		{AC30E8B3-0EB5-4C3E-8D2E-6CE2D87235D8}.Debug|Any CPU.Build.0 = Debug|Any CPU
		{AC30E8B3-0EB5-4C3E-8D2E-6CE2D87235D8}.Release|Any CPU.ActiveCfg = Release|Any CPU
		{AC30E8B3-0EB5-4C3E-8D2E-6CE2D87235D8}.Release|Any CPU.Build.0 = Release|Any CPU
	EndGlobalSection
	GlobalSection(SolutionProperties) = preSolution
		HideSolutionNode = FALSE
	EndGlobalSection
	GlobalSection(ExtensibilityGlobals) = postSolution
		SolutionGuid = {549C55DB-5043-4BA0-A730-684CACDACABA}
	EndGlobalSection
EndGlobal
